// !$*UTF8*$!
{
	archiveVersion = 1;
	classes = {
	};
	objectVersion = 46;
	objects = {

/* Begin PBXBuildFile section */
		DD3B1BBB1BB3E09300CE27B8 /* AppDelegate.swift in Sources */ = {isa = PBXBuildFile; fileRef = DD3B1BBA1BB3E09300CE27B8 /* AppDelegate.swift */; };
		DD3B1BBD1BB3E09300CE27B8 /* ViewController.swift in Sources */ = {isa = PBXBuildFile; fileRef = DD3B1BBC1BB3E09300CE27B8 /* ViewController.swift */; };
		DD3B1BC01BB3E09300CE27B8 /* Main.storyboard in Resources */ = {isa = PBXBuildFile; fileRef = DD3B1BBE1BB3E09300CE27B8 /* Main.storyboard */; };
		DD3B1BC31BB3E09300CE27B8 /* liaoshao.xcdatamodeld in Sources */ = {isa = PBXBuildFile; fileRef = DD3B1BC11BB3E09300CE27B8 /* liaoshao.xcdatamodeld */; };
		DD3B1BC51BB3E09300CE27B8 /* Assets.xcassets in Resources */ = {isa = PBXBuildFile; fileRef = DD3B1BC41BB3E09300CE27B8 /* Assets.xcassets */; };
		DD3B1BC81BB3E09300CE27B8 /* LaunchScreen.storyboard in Resources */ = {isa = PBXBuildFile; fileRef = DD3B1BC61BB3E09300CE27B8 /* LaunchScreen.storyboard */; };
/* End PBXBuildFile section */

/* Begin PBXFileReference section */
		DD3B1BB71BB3E09300CE27B8 /* liaoshao.app */ = {isa = PBXFileReference; explicitFileType = wrapper.application; includeInIndex = 0; path = liaoshao.app; sourceTree = BUILT_PRODUCTS_DIR; };
		DD3B1BBA1BB3E09300CE27B8 /* AppDelegate.swift */ = {isa = PBXFileReference; lastKnownFileType = sourcecode.swift; path = AppDelegate.swift; sourceTree = "<group>"; };
		DD3B1BBC1BB3E09300CE27B8 /* ViewController.swift */ = {isa = PBXFileReference; lastKnownFileType = sourcecode.swift; path = ViewController.swift; sourceTree = "<group>"; };
		DD3B1BBF1BB3E09300CE27B8 /* Base */ = {isa = PBXFileReference; lastKnownFileType = file.storyboard; name = Base; path = Base.lproj/Main.storyboard; sourceTree = "<group>"; };
		DD3B1BC21BB3E09300CE27B8 /* liaoshao.xcdatamodel */ = {isa = PBXFileReference; lastKnownFileType = wrapper.xcdatamodel; path = liaoshao.xcdatamodel; sourceTree = "<group>"; };
		DD3B1BC41BB3E09300CE27B8 /* Assets.xcassets */ = {isa = PBXFileReference; lastKnownFileType = folder.assetcatalog; path = Assets.xcassets; sourceTree = "<group>"; };
		DD3B1BC71BB3E09300CE27B8 /* Base */ = {isa = PBXFileReference; lastKnownFileType = file.storyboard; name = Base; path = Base.lproj/LaunchScreen.storyboard; sourceTree = "<group>"; };
		DD3B1BC91BB3E09300CE27B8 /* Info.plist */ = {isa = PBXFileReference; lastKnownFileType = text.plist.xml; path = Info.plist; sourceTree = "<group>"; };
/* End PBXFileReference section */

/* Begin PBXFrameworksBuildPhase section */
		DD3B1BB41BB3E09300CE27B8 /* Frameworks */ = {
			isa = PBXFrameworksBuildPhase;
			buildActionMask = 2147483647;
			files = (
			);
			runOnlyForDeploymentPostprocessing = 0;
		};
/* End PBXFrameworksBuildPhase section */

/* Begin PBXGroup section */
		DD3B1BAE1BB3E09300CE27B8 = {
			isa = PBXGroup;
			children = (
				DD3B1BB91BB3E09300CE27B8 /* liaoshao */,
				DD3B1BB81BB3E09300CE27B8 /* Products */,
			);
			sourceTree = "<group>";
		};
		DD3B1BB81BB3E09300CE27B8 /* Products */ = {
			isa = PBXGroup;
			children = (
				DD3B1BB71BB3E09300CE27B8 /* liaoshao.app */,
			);
			name = Products;
			sourceTree = "<group>";
		};
		DD3B1BB91BB3E09300CE27B8 /* liaoshao */ = {
			isa = PBXGroup;
			children = (
				DD3B1BBA1BB3E09300CE27B8 /* AppDelegate.swift */,
				DD3B1BBC1BB3E09300CE27B8 /* ViewController.swift */,
				DD3B1BBE1BB3E09300CE27B8 /* Main.storyboard */,
				DD3B1BC41BB3E09300CE27B8 /* Assets.xcassets */,
				DD3B1BC61BB3E09300CE27B8 /* LaunchScreen.storyboard */,
				DD3B1BC91BB3E09300CE27B8 /* Info.plist */,
				DD3B1BC11BB3E09300CE27B8 /* liaoshao.xcdatamodeld */,
			);
			path = liaoshao;
			sourceTree = "<group>";
		};
/* End PBXGroup section */

/* Begin PBXNativeTarget section */
		DD3B1BB61BB3E09300CE27B8 /* liaoshao */ = {
			isa = PBXNativeTarget;
			buildConfigurationList = DD3B1BCC1BB3E09300CE27B8 /* Build configuration list for PBXNativeTarget "liaoshao" */;
			buildPhases = (
				DD3B1BB31BB3E09300CE27B8 /* Sources */,
				DD3B1BB41BB3E09300CE27B8 /* Frameworks */,
				DD3B1BB51BB3E09300CE27B8 /* Resources */,
			);
			buildRules = (
			);
			dependencies = (
			);
			name = liaoshao;
			productName = liaoshao;
			productReference = DD3B1BB71BB3E09300CE27B8 /* liaoshao.app */;
			productType = "com.apple.product-type.application";
		};
/* End PBXNativeTarget section */

/* Begin PBXProject section */
		DD3B1BAF1BB3E09300CE27B8 /* Project object */ = {
			isa = PBXProject;
			attributes = {
				LastUpgradeCheck = 0710;
				ORGANIZATIONNAME = shen;
				TargetAttributes = {
					DD3B1BB61BB3E09300CE27B8 = {
						CreatedOnToolsVersion = 7.1;
					};
				};
			};
			buildConfigurationList = DD3B1BB21BB3E09300CE27B8 /* Build configuration list for PBXProject "liaoshao" */;
			compatibilityVersion = "Xcode 3.2";
			developmentRegion = English;
			hasScannedForEncodings = 0;
			knownRegions = (
				en,
				Base,
			);
			mainGroup = DD3B1BAE1BB3E09300CE27B8;
			productRefGroup = DD3B1BB81BB3E09300CE27B8 /* Products */;
			projectDirPath = "";
			projectRoot = "";
			targets = (
				DD3B1BB61BB3E09300CE27B8 /* liaoshao */,
			);
		};
/* End PBXProject section */

/* Begin PBXResourcesBuildPhase section */
		DD3B1BB51BB3E09300CE27B8 /* Resources */ = {
			isa = PBXResourcesBuildPhase;
			buildActionMask = 2147483647;
			files = (
				DD3B1BC81BB3E09300CE27B8 /* LaunchScreen.storyboard in Resources */,
				DD3B1BC51BB3E09300CE27B8 /* Assets.xcassets in Resources */,
				DD3B1BC01BB3E09300CE27B8 /* Main.storyboard in Resources */,
			);
			runOnlyForDeploymentPostprocessing = 0;
		};
/* End PBXResourcesBuildPhase section */

/* Begin PBXSourcesBuildPhase section */
		DD3B1BB31BB3E09300CE27B8 /* Sources */ = {
			isa = PBXSourcesBuildPhase;
			buildActionMask = 2147483647;
			files = (
				DD3B1BC31BB3E09300CE27B8 /* liaoshao.xcdatamodeld in Sources */,
				DD3B1BBD1BB3E09300CE27B8 /* ViewController.swift in Sources */,
				DD3B1BBB1BB3E09300CE27B8 /* AppDelegate.swift in Sources */,
			);
			runOnlyForDeploymentPostprocessing = 0;
		};
/* End PBXSourcesBuildPhase section */

/* Begin PBXVariantGroup section */
		DD3B1BBE1BB3E09300CE27B8 /* Main.storyboard */ = {
			isa = PBXVariantGroup;
			children = (
				DD3B1BBF1BB3E09300CE27B8 /* Base */,
			);
			name = Main.storyboard;
			sourceTree = "<group>";
		};
		DD3B1BC61BB3E09300CE27B8 /* LaunchScreen.storyboard */ = {
			isa = PBXVariantGroup;
			children = (
				DD3B1BC71BB3E09300CE27B8 /* Base */,
			);
			name = LaunchScreen.storyboard;
			sourceTree = "<group>";
		};
/* End PBXVariantGroup section */

/* Begin XCBuildConfiguration section */
		DD3B1BCA1BB3E09300CE27B8 /* Debug */ = {
			isa = XCBuildConfiguration;
			buildSettings = {
				ALWAYS_SEARCH_USER_PATHS = NO;
				CLANG_CXX_LANGUAGE_STANDARD = "gnu++0x";
				CLANG_CXX_LIBRARY = "libc++";
				CLANG_ENABLE_MODULES = YES;
				CLANG_ENABLE_OBJC_ARC = YES;
				CLANG_WARN_BOOL_CONVERSION = YES;
				CLANG_WARN_CONSTANT_CONVERSION = YES;
				CLANG_WARN_DIRECT_OBJC_ISA_USAGE = YES_ERROR;
				CLANG_WARN_EMPTY_BODY = YES;
				CLANG_WARN_ENUM_CONVERSION = YES;
				CLANG_WARN_INT_CONVERSION = YES;
				CLANG_WARN_OBJC_ROOT_CLASS = YES_ERROR;
				CLANG_WARN_UNREACHABLE_CODE = YES;
				CLANG_WARN__DUPLICATE_METHOD_MATCH = YES;
				"CODE_SIGN_IDENTITY[sdk=iphoneos*]" = "iPhone Developer";
				COPY_PHASE_STRIP = NO;
				DEBUG_INFORMATION_FORMAT = dwarf;
				ENABLE_STRICT_OBJC_MSGSEND = YES;
				ENABLE_TESTABILITY = YES;
				GCC_C_LANGUAGE_STANDARD = gnu99;
				GCC_DYNAMIC_NO_PIC = NO;
				GCC_NO_COMMON_BLOCKS = YES;
				GCC_OPTIMIZATION_LEVEL = 0;
				GCC_PREPROCESSOR_DEFINITIONS = (
					"DEBUG=1",
					"$(inherited)",
				);
				GCC_WARN_64_TO_32_BIT_CONVERSION = YES;
				GCC_WARN_ABOUT_RETURN_TYPE = YES_ERROR;
				GCC_WARN_UNDECLARED_SELECTOR = YES;
				GCC_WARN_UNINITIALIZED_AUTOS = YES_AGGRESSIVE;
				GCC_WARN_UNUSED_FUNCTION = YES;
				GCC_WARN_UNUSED_VARIABLE = YES;
				IPHONEOS_DEPLOYMENT_TARGET = 9.1;
				MTL_ENABLE_DEBUG_INFO = YES;
				ONLY_ACTIVE_ARCH = YES;
				SDKROOT = iphoneos;
				SWIFT_OPTIMIZATION_LEVEL = "-Onone";
			};
			name = Debug;
		};
		DD3B1BCB1BB3E09300CE27B8 /* Release */ = {
			isa = XCBuildConfiguration;
			buildSettings = {
				ALWAYS_SEARCH_USER_PATHS = NO;
				CLANG_CXX_LANGUAGE_STANDARD = "gnu++0x";
				CLANG_CXX_LIBRARY = "libc++";
				CLANG_ENABLE_MODULES = YES;
				CLANG_ENABLE_OBJC_ARC = YES;
				CLANG_WARN_BOOL_CONVERSION = YES;
				CLANG_WARN_CONSTANT_CONVERSION = YES;
				CLANG_WARN_DIRECT_OBJC_ISA_USAGE = YES_ERROR;
				CLANG_WARN_EMPTY_BODY = YES;
				CLANG_WARN_ENUM_CONVERSION = YES;
				CLANG_WARN_INT_CONVERSION = YES;
				CLANG_WARN_OBJC_ROOT_CLASS = YES_ERROR;
				CLANG_WARN_UNREACHABLE_CODE = YES;
				CLANG_WARN__DUPLICATE_METHOD_MATCH = YES;
				"CODE_SIGN_IDENTITY[sdk=iphoneos*]" = "iPhone Developer";
				COPY_PHASE_STRIP = NO;
				DEBUG_INFORMATION_FORMAT = "dwarf-with-dsym";
				ENABLE_NS_ASSERTIONS = NO;
				ENABLE_STRICT_OBJC_MSGSEND = YES;
				GCC_C_LANGUAGE_STANDARD = gnu99;
				GCC_NO_COMMON_BLOCKS = YES;
				GCC_WARN_64_TO_32_BIT_CONVERSION = YES;
				GCC_WARN_ABOUT_RETURN_TYPE = YES_ERROR;
				GCC_WARN_UNDECLARED_SELECTOR = YES;
				GCC_WARN_UNINITIALIZED_AUTOS = YES_AGGRESSIVE;
				GCC_WARN_UNUSED_FUNCTION = YES;
				GCC_WARN_UNUSED_VARIABLE = YES;
				IPHONEOS_DEPLOYMENT_TARGET = 9.1;
				MTL_ENABLE_DEBUG_INFO = NO;
				SDKROOT = iphoneos;
				VALIDATE_PRODUCT = YES;
			};
			name = Release;
		};
		DD3B1BCD1BB3E09300CE27B8 /* Debug */ = {
			isa = XCBuildConfiguration;
			buildSettings = {
				ASSETCATALOG_COMPILER_APPICON_NAME = AppIcon;
				INFOPLIST_FILE = liaoshao/Info.plist;
				LD_RUNPATH_SEARCH_PATHS = "$(inherited) @executable_path/Frameworks";
				PRODUCT_BUNDLE_IDENTIFIER = com.lx.liaoshao;
				PRODUCT_NAME = "$(TARGET_NAME)";
			};
			name = Debug;
		};
		DD3B1BCE1BB3E09300CE27B8 /* Release */ = {
			isa = XCBuildConfiguration;
			buildSettings = {
				ASSETCATALOG_COMPILER_APPICON_NAME = AppIcon;
				INFOPLIST_FILE = liaoshao/Info.plist;
				LD_RUNPATH_SEARCH_PATHS = "$(inherited) @executable_path/Frameworks";
				PRODUCT_BUNDLE_IDENTIFIER = com.lx.liaoshao;
				PRODUCT_NAME = "$(TARGET_NAME)";
			};
			name = Release;
		};
/* End XCBuildConfiguration section */

/* Begin XCConfigurationList section */
		DD3B1BB21BB3E09300CE27B8 /* Build configuration list for PBXProject "liaoshao" */ = {
			isa = XCConfigurationList;
			buildConfigurations = (
				DD3B1BCA1BB3E09300CE27B8 /* Debug */,
				DD3B1BCB1BB3E09300CE27B8 /* Release */,
			);
			defaultConfigurationIsVisible = 0;
			defaultConfigurationName = Release;
		};
		DD3B1BCC1BB3E09300CE27B8 /* Build configuration list for PBXNativeTarget "liaoshao" */ = {
			isa = XCConfigurationList;
			buildConfigurations = (
				DD3B1BCD1BB3E09300CE27B8 /* Debug */,
				DD3B1BCE1BB3E09300CE27B8 /* Release */,
			);
			defaultConfigurationIsVisible = 0;
		};
/* End XCConfigurationList section */

/* Begin XCVersionGroup section */
		DD3B1BC11BB3E09300CE27B8 /* liaoshao.xcdatamodeld */ = {
			isa = XCVersionGroup;
			children = (
				DD3B1BC21BB3E09300CE27B8 /* liaoshao.xcdatamodel */,
			);
			currentVersion = DD3B1BC21BB3E09300CE27B8 /* liaoshao.xcdatamodel */;
			path = liaoshao.xcdatamodeld;
			sourceTree = "<group>";
			versionGroupType = wrapper.xcdatamodel;
		};
/* End XCVersionGroup section */
	};
	rootObject = DD3B1BAF1BB3E09300CE27B8 /* Project object */;
}
